
Microsoft Visual Studio Solution File, Format Version 12.00
# Visual Studio 2013
VisualStudioVersion = 12.0.40302.0
MinimumVisualStudioVersion = 10.0.40219.1
Project("{FAE04EC0-301F-11D3-BF4B-00C04F79EFBC}") = "SharpMat", "SharpMat\SharpMat.csproj", "{27B62547-83A2-4F04-B4A6-54C60446801E}"
EndProject
Project("{FAE04EC0-301F-11D3-BF4B-00C04F79EFBC}") = "SharpMat.Tests", "SharpMat.Tests\SharpMat.Tests.csproj", "{80B526C7-DD37-4BB8-B7D4-697B35407863}"
EndProject
Global
	GlobalSection(SolutionConfigurationPlatforms) = preSolution
		Debug|x64 = Debug|x64
		Debug|x86 = Debug|x86
		Release|x64 = Release|x64
		Release|x86 = Release|x86
	EndGlobalSection
	GlobalSection(ProjectConfigurationPlatforms) = postSolution
		{27B62547-83A2-4F04-B4A6-54C60446801E}.Debug|x64.ActiveCfg = Debug|x64
		{27B62547-83A2-4F04-B4A6-54C60446801E}.Debug|x64.Build.0 = Debug|x64
		{27B62547-83A2-4F04-B4A6-54C60446801E}.Debug|x86.ActiveCfg = Debug|x86
		{27B62547-83A2-4F04-B4A6-54C60446801E}.Debug|x86.Build.0 = Debug|x86
		{27B62547-83A2-4F04-B4A6-54C60446801E}.Release|x64.ActiveCfg = Release|x64
		{27B62547-83A2-4F04-B4A6-54C60446801E}.Release|x64.Build.0 = Release|x64
		{27B62547-83A2-4F04-B4A6-54C60446801E}.Release|x86.ActiveCfg = Release|x86
		{27B62547-83A2-4F04-B4A6-54C60446801E}.Release|x86.Build.0 = Release|x86
		{80B526C7-DD37-4BB8-B7D4-697B35407863}.Debug|x64.ActiveCfg = Debug|x64
		{80B526C7-DD37-4BB8-B7D4-697B35407863}.Debug|x64.Build.0 = Debug|x64
		{80B526C7-DD37-4BB8-B7D4-697B35407863}.Debug|x86.ActiveCfg = Debug|x86
		{80B526C7-DD37-4BB8-B7D4-697B35407863}.Debug|x86.Build.0 = Debug|x86
		{80B526C7-DD37-4BB8-B7D4-697B35407863}.Release|x64.ActiveCfg = Release|x64
		{80B526C7-DD37-4BB8-B7D4-697B35407863}.Release|x64.Build.0 = Release|x64
		{80B526C7-DD37-4BB8-B7D4-697B35407863}.Release|x86.ActiveCfg = Release|x86
		{80B526C7-DD37-4BB8-B7D4-697B35407863}.Release|x86.Build.0 = Release|x86
	EndGlobalSection
	GlobalSection(SolutionProperties) = preSolution
		HideSolutionNode = FALSE
	EndGlobalSection
EndGlobal
